
Microsoft Visual Studio Solution File, Format Version 12.00
# Visual Studio Version 17
VisualStudioVersion = 17.0.31903.59
MinimumVisualStudioVersion = 10.0.40219.1
Project("{FAE04EC0-301F-11D3-BF4B-00C04F79EFBC}") = "Store", "Store\Store.csproj", "{FC520616-A184-4988-A5EB-696272D32EE9}"
EndProject
Project("{FAE04EC0-301F-11D3-BF4B-00C04F79EFBC}") = "Store.Tests", "Store.Tests\Store.Tests.csproj", "{DC92A57B-0915-491F-A168-398D1A394CD3}"
EndProject
Global
	GlobalSection(SolutionConfigurationPlatforms) = preSolution
		Debug|Any CPU = Debug|Any CPU
		Release|Any CPU = Release|Any CPU
	EndGlobalSection
	GlobalSection(SolutionProperties) = preSolution
		HideSolutionNode = FALSE
	EndGlobalSection
	GlobalSection(ProjectConfigurationPlatforms) = postSolution
		{FC520616-A184-4988-A5EB-696272D32EE9}.Debug|Any CPU.ActiveCfg = Debug|Any CPU
		{FC520616-A184-4988-A5EB-696272D32EE9}.Debug|Any CPU.Build.0 = Debug|Any CPU
		{FC520616-A184-4988-A5EB-696272D32EE9}.Release|Any CPU.ActiveCfg = Release|Any CPU
		{FC520616-A184-4988-A5EB-696272D32EE9}.Release|Any CPU.Build.0 = Release|Any CPU
		{DC92A57B-0915-491F-A168-398D1A394CD3}.Debug|Any CPU.ActiveCfg = Debug|Any CPU
		{DC92A57B-0915-491F-A168-398D1A394CD3}.Debug|Any CPU.Build.0 = Debug|Any CPU
		{DC92A57B-0915-491F-A168-398D1A394CD3}.Release|Any CPU.ActiveCfg = Release|Any CPU
		{DC92A57B-0915-491F-A168-398D1A394CD3}.Release|Any CPU.Build.0 = Release|Any CPU
	EndGlobalSection
EndGlobal
